// !$*UTF8*$!
{
	archiveVersion = 1;
	classes = {
	};
	objectVersion = 50;
	objects = {

/* Begin PBXBuildFile section */
		4524F124B1E66D2C18D662D5 /* Pods_Instagram.framework in Frameworks */ = {isa = PBXBuildFile; fileRef = C3AE470FF4B7A79278154B05 /* Pods_Instagram.framework */; };
		5550218D222B9EA9000C73B6 /* Const.swift in Sources */ = {isa = PBXBuildFile; fileRef = 5550218C222B9EA9000C73B6 /* Const.swift */; };
		5550218F222BA5CE000C73B6 /* PostData.swift in Sources */ = {isa = PBXBuildFile; fileRef = 5550218E222BA5CE000C73B6 /* PostData.swift */; };
		55502192222BA9DC000C73B6 /* PostTableViewCell.swift in Sources */ = {isa = PBXBuildFile; fileRef = 55502190222BA9DC000C73B6 /* PostTableViewCell.swift */; };
		55502193222BA9DC000C73B6 /* PostTableViewCell.xib in Resources */ = {isa = PBXBuildFile; fileRef = 55502191222BA9DC000C73B6 /* PostTableViewCell.xib */; };
		5555F6E4222EAE71006A5738 /* CommentViewController.swift in Sources */ = {isa = PBXBuildFile; fileRef = 5555F6E3222EAE71006A5738 /* CommentViewController.swift */; };
		555EA654222824A60017C016 /* AppDelegate.swift in Sources */ = {isa = PBXBuildFile; fileRef = 555EA653222824A60017C016 /* AppDelegate.swift */; };
		555EA656222824A60017C016 /* ViewController.swift in Sources */ = {isa = PBXBuildFile; fileRef = 555EA655222824A60017C016 /* ViewController.swift */; };
		555EA659222824A60017C016 /* Main.storyboard in Resources */ = {isa = PBXBuildFile; fileRef = 555EA657222824A60017C016 /* Main.storyboard */; };
		555EA65B222824A90017C016 /* Assets.xcassets in Resources */ = {isa = PBXBuildFile; fileRef = 555EA65A222824A90017C016 /* Assets.xcassets */; };
		555EA65E222824A90017C016 /* LaunchScreen.storyboard in Resources */ = {isa = PBXBuildFile; fileRef = 555EA65C222824A90017C016 /* LaunchScreen.storyboard */; };
		555EA6682228308D0017C016 /* LoginViewController.swift in Sources */ = {isa = PBXBuildFile; fileRef = 555EA6672228308D0017C016 /* LoginViewController.swift */; };
		555EA66A222830A10017C016 /* HomeViewController.swift in Sources */ = {isa = PBXBuildFile; fileRef = 555EA669222830A10017C016 /* HomeViewController.swift */; };
		555EA66C222830B00017C016 /* ImageViewController.swift in Sources */ = {isa = PBXBuildFile; fileRef = 555EA66B222830B00017C016 /* ImageViewController.swift */; };
		555EA66E222830BF0017C016 /* PostViewController.swift in Sources */ = {isa = PBXBuildFile; fileRef = 555EA66D222830BF0017C016 /* PostViewController.swift */; };
		555EA670222830D50017C016 /* SettingViewController.swift in Sources */ = {isa = PBXBuildFile; fileRef = 555EA66F222830D50017C016 /* SettingViewController.swift */; };
		55CBE6632229760F006057E0 /* GoogleService-Info.plist in Resources */ = {isa = PBXBuildFile; fileRef = 55CBE6622229760F006057E0 /* GoogleService-Info.plist */; };
/* End PBXBuildFile section */

/* Begin PBXFileReference section */
		01D0DEBCD2639F0D14672C45 /* Pods-Instagram.debug.xcconfig */ = {isa = PBXFileReference; includeInIndex = 1; lastKnownFileType = text.xcconfig; name = "Pods-Instagram.debug.xcconfig"; path = "Pods/Target Support Files/Pods-Instagram/Pods-Instagram.debug.xcconfig"; sourceTree = "<group>"; };
		5550218C222B9EA9000C73B6 /* Const.swift */ = {isa = PBXFileReference; lastKnownFileType = sourcecode.swift; path = Const.swift; sourceTree = "<group>"; };
		5550218E222BA5CE000C73B6 /* PostData.swift */ = {isa = PBXFileReference; lastKnownFileType = sourcecode.swift; path = PostData.swift; sourceTree = "<group>"; };
		55502190222BA9DC000C73B6 /* PostTableViewCell.swift */ = {isa = PBXFileReference; lastKnownFileType = sourcecode.swift; path = PostTableViewCell.swift; sourceTree = "<group>"; };
		55502191222BA9DC000C73B6 /* PostTableViewCell.xib */ = {isa = PBXFileReference; lastKnownFileType = file.xib; path = PostTableViewCell.xib; sourceTree = "<group>"; };
		5555F6E3222EAE71006A5738 /* CommentViewController.swift */ = {isa = PBXFileReference; lastKnownFileType = sourcecode.swift; path = CommentViewController.swift; sourceTree = "<group>"; };
		555EA650222824A60017C016 /* Instagram.app */ = {isa = PBXFileReference; explicitFileType = wrapper.application; includeInIndex = 0; path = Instagram.app; sourceTree = BUILT_PRODUCTS_DIR; };
		555EA653222824A60017C016 /* AppDelegate.swift */ = {isa = PBXFileReference; lastKnownFileType = sourcecode.swift; path = AppDelegate.swift; sourceTree = "<group>"; };
		555EA655222824A60017C016 /* ViewController.swift */ = {isa = PBXFileReference; lastKnownFileType = sourcecode.swift; path = ViewController.swift; sourceTree = "<group>"; };
		555EA658222824A60017C016 /* Base */ = {isa = PBXFileReference; lastKnownFileType = file.storyboard; name = Base; path = Base.lproj/Main.storyboard; sourceTree = "<group>"; };
		555EA65A222824A90017C016 /* Assets.xcassets */ = {isa = PBXFileReference; lastKnownFileType = folder.assetcatalog; path = Assets.xcassets; sourceTree = "<group>"; };
		555EA65D222824A90017C016 /* Base */ = {isa = PBXFileReference; lastKnownFileType = file.storyboard; name = Base; path = Base.lproj/LaunchScreen.storyboard; sourceTree = "<group>"; };
		555EA65F222824A90017C016 /* Info.plist */ = {isa = PBXFileReference; lastKnownFileType = text.plist.xml; path = Info.plist; sourceTree = "<group>"; };
		555EA6672228308D0017C016 /* LoginViewController.swift */ = {isa = PBXFileReference; lastKnownFileType = sourcecode.swift; path = LoginViewController.swift; sourceTree = "<group>"; };
		555EA669222830A10017C016 /* HomeViewController.swift */ = {isa = PBXFileReference; lastKnownFileType = sourcecode.swift; path = HomeViewController.swift; sourceTree = "<group>"; };
		555EA66B222830B00017C016 /* ImageViewController.swift */ = {isa = PBXFileReference; lastKnownFileType = sourcecode.swift; path = ImageViewController.swift; sourceTree = "<group>"; };
		555EA66D222830BF0017C016 /* PostViewController.swift */ = {isa = PBXFileReference; lastKnownFileType = sourcecode.swift; path = PostViewController.swift; sourceTree = "<group>"; };
		555EA66F222830D50017C016 /* SettingViewController.swift */ = {isa = PBXFileReference; lastKnownFileType = sourcecode.swift; path = SettingViewController.swift; sourceTree = "<group>"; };
		55CBE6622229760F006057E0 /* GoogleService-Info.plist */ = {isa = PBXFileReference; fileEncoding = 4; lastKnownFileType = text.plist.xml; path = "GoogleService-Info.plist"; sourceTree = "<group>"; };
		9AA477C5AA5DE25BE27627BF /* Pods-Instagram.release.xcconfig */ = {isa = PBXFileReference; includeInIndex = 1; lastKnownFileType = text.xcconfig; name = "Pods-Instagram.release.xcconfig"; path = "Pods/Target Support Files/Pods-Instagram/Pods-Instagram.release.xcconfig"; sourceTree = "<group>"; };
		C3AE470FF4B7A79278154B05 /* Pods_Instagram.framework */ = {isa = PBXFileReference; explicitFileType = wrapper.framework; includeInIndex = 0; path = Pods_Instagram.framework; sourceTree = BUILT_PRODUCTS_DIR; };
/* End PBXFileReference section */

/* Begin PBXFrameworksBuildPhase section */
		555EA64D222824A60017C016 /* Frameworks */ = {
			isa = PBXFrameworksBuildPhase;
			buildActionMask = 2147483647;
			files = (
				4524F124B1E66D2C18D662D5 /* Pods_Instagram.framework in Frameworks */,
			);
			runOnlyForDeploymentPostprocessing = 0;
		};
/* End PBXFrameworksBuildPhase section */

/* Begin PBXGroup section */
		3EC3C06D199131BD48DE5627 /* Frameworks */ = {
			isa = PBXGroup;
			children = (
				C3AE470FF4B7A79278154B05 /* Pods_Instagram.framework */,
			);
			name = Frameworks;
			sourceTree = "<group>";
		};
		555EA647222824A60017C016 = {
			isa = PBXGroup;
			children = (
				555EA652222824A60017C016 /* Instagram */,
				555EA651222824A60017C016 /* Products */,
				D1AB6657E7CAB2EF2AF4B4B5 /* Pods */,
				3EC3C06D199131BD48DE5627 /* Frameworks */,
			);
			sourceTree = "<group>";
		};
		555EA651222824A60017C016 /* Products */ = {
			isa = PBXGroup;
			children = (
				555EA650222824A60017C016 /* Instagram.app */,
			);
			name = Products;
			sourceTree = "<group>";
		};
		555EA652222824A60017C016 /* Instagram */ = {
			isa = PBXGroup;
			children = (
				555EA653222824A60017C016 /* AppDelegate.swift */,
				55CBE6622229760F006057E0 /* GoogleService-Info.plist */,
				555EA655222824A60017C016 /* ViewController.swift */,
				555EA657222824A60017C016 /* Main.storyboard */,
				555EA65A222824A90017C016 /* Assets.xcassets */,
				555EA65C222824A90017C016 /* LaunchScreen.storyboard */,
				555EA65F222824A90017C016 /* Info.plist */,
				5550218C222B9EA9000C73B6 /* Const.swift */,
				5550218E222BA5CE000C73B6 /* PostData.swift */,
				555EA6672228308D0017C016 /* LoginViewController.swift */,
				55502190222BA9DC000C73B6 /* PostTableViewCell.swift */,
				55502191222BA9DC000C73B6 /* PostTableViewCell.xib */,
				5555F6E3222EAE71006A5738 /* CommentViewController.swift */,
				555EA66B222830B00017C016 /* ImageViewController.swift */,
				555EA669222830A10017C016 /* HomeViewController.swift */,
				555EA66D222830BF0017C016 /* PostViewController.swift */,
				555EA66F222830D50017C016 /* SettingViewController.swift */,
			);
			path = Instagram;
			sourceTree = "<group>";
		};
		D1AB6657E7CAB2EF2AF4B4B5 /* Pods */ = {
			isa = PBXGroup;
			children = (
				01D0DEBCD2639F0D14672C45 /* Pods-Instagram.debug.xcconfig */,
				9AA477C5AA5DE25BE27627BF /* Pods-Instagram.release.xcconfig */,
			);
			name = Pods;
			sourceTree = "<group>";
		};
/* End PBXGroup section */

/* Begin PBXNativeTarget section */
		555EA64F222824A60017C016 /* Instagram */ = {
			isa = PBXNativeTarget;
			buildConfigurationList = 555EA662222824A90017C016 /* Build configuration list for PBXNativeTarget "Instagram" */;
			buildPhases = (
				799591E85919E9F74E4918A4 /* [CP] Check Pods Manifest.lock */,
				555EA64C222824A60017C016 /* Sources */,
				555EA64D222824A60017C016 /* Frameworks */,
				555EA64E222824A60017C016 /* Resources */,
				EE1BB9BD67CA9E3A3FB8BD46 /* [CP] Embed Pods Frameworks */,
			);
			buildRules = (
			);
			dependencies = (
			);
			name = Instagram;
			productName = Instagram;
			productReference = 555EA650222824A60017C016 /* Instagram.app */;
			productType = "com.apple.product-type.application";
		};
/* End PBXNativeTarget section */

/* Begin PBXProject section */
		555EA648222824A60017C016 /* Project object */ = {
			isa = PBXProject;
			attributes = {
				LastSwiftUpdateCheck = 1010;
				LastUpgradeCheck = 1010;
				ORGANIZATIONNAME = "Tsuyoshi Furuhata";
				TargetAttributes = {
					555EA64F222824A60017C016 = {
						CreatedOnToolsVersion = 10.1;
					};
				};
			};
			buildConfigurationList = 555EA64B222824A60017C016 /* Build configuration list for PBXProject "Instagram" */;
			compatibilityVersion = "Xcode 9.3";
			developmentRegion = en;
			hasScannedForEncodings = 0;
			knownRegions = (
				en,
				Base,
			);
			mainGroup = 555EA647222824A60017C016;
			productRefGroup = 555EA651222824A60017C016 /* Products */;
			projectDirPath = "";
			projectRoot = "";
			targets = (
				555EA64F222824A60017C016 /* Instagram */,
			);
		};
/* End PBXProject section */

/* Begin PBXResourcesBuildPhase section */
		555EA64E222824A60017C016 /* Resources */ = {
			isa = PBXResourcesBuildPhase;
			buildActionMask = 2147483647;
			files = (
				555EA65E222824A90017C016 /* LaunchScreen.storyboard in Resources */,
				55502193222BA9DC000C73B6 /* PostTableViewCell.xib in Resources */,
				55CBE6632229760F006057E0 /* GoogleService-Info.plist in Resources */,
				555EA65B222824A90017C016 /* Assets.xcassets in Resources */,
				555EA659222824A60017C016 /* Main.storyboard in Resources */,
			);
			runOnlyForDeploymentPostprocessing = 0;
		};
/* End PBXResourcesBuildPhase section */

/* Begin PBXShellScriptBuildPhase section */
		799591E85919E9F74E4918A4 /* [CP] Check Pods Manifest.lock */ = {
			isa = PBXShellScriptBuildPhase;
			buildActionMask = 2147483647;
			files = (
			);
			inputPaths = (
				"${PODS_PODFILE_DIR_PATH}/Podfile.lock",
				"${PODS_ROOT}/Manifest.lock",
			);
			name = "[CP] Check Pods Manifest.lock";
			outputPaths = (
				"$(DERIVED_FILE_DIR)/Pods-Instagram-checkManifestLockResult.txt",
			);
			runOnlyForDeploymentPostprocessing = 0;
			shellPath = /bin/sh;
			shellScript = "diff \"${PODS_PODFILE_DIR_PATH}/Podfile.lock\" \"${PODS_ROOT}/Manifest.lock\" > /dev/null\nif [ $? != 0 ] ; then\n    # print error to STDERR\n    echo \"error: The sandbox is not in sync with the Podfile.lock. Run 'pod install' or update your CocoaPods installation.\" >&2\n    exit 1\nfi\n# This output is used by Xcode 'outputs' to avoid re-running this script phase.\necho \"SUCCESS\" > \"${SCRIPT_OUTPUT_FILE_0}\"\n";
			showEnvVarsInLog = 0;
		};
		EE1BB9BD67CA9E3A3FB8BD46 /* [CP] Embed Pods Frameworks */ = {
			isa = PBXShellScriptBuildPhase;
			buildActionMask = 2147483647;
			files = (
			);
			inputPaths = (
				"${SRCROOT}/Pods/Target Support Files/Pods-Instagram/Pods-Instagram-frameworks.sh",
				"${BUILT_PRODUCTS_DIR}/CLImageEditor/CLImageEditor.framework",
				"${BUILT_PRODUCTS_DIR}/ESTabBarController/ESTabBarController.framework",
				"${BUILT_PRODUCTS_DIR}/GTMSessionFetcher/GTMSessionFetcher.framework",
				"${BUILT_PRODUCTS_DIR}/GoogleUtilities/GoogleUtilities.framework",
				"${BUILT_PRODUCTS_DIR}/SVProgressHUD/SVProgressHUD.framework",
				"${BUILT_PRODUCTS_DIR}/leveldb-library/leveldb.framework",
				"${BUILT_PRODUCTS_DIR}/nanopb/nanopb.framework",
			);
			name = "[CP] Embed Pods Frameworks";
			outputPaths = (
				"${TARGET_BUILD_DIR}/${FRAMEWORKS_FOLDER_PATH}/CLImageEditor.framework",
				"${TARGET_BUILD_DIR}/${FRAMEWORKS_FOLDER_PATH}/ESTabBarController.framework",
				"${TARGET_BUILD_DIR}/${FRAMEWORKS_FOLDER_PATH}/GTMSessionFetcher.framework",
				"${TARGET_BUILD_DIR}/${FRAMEWORKS_FOLDER_PATH}/GoogleUtilities.framework",
				"${TARGET_BUILD_DIR}/${FRAMEWORKS_FOLDER_PATH}/SVProgressHUD.framework",
				"${TARGET_BUILD_DIR}/${FRAMEWORKS_FOLDER_PATH}/leveldb.framework",
				"${TARGET_BUILD_DIR}/${FRAMEWORKS_FOLDER_PATH}/nanopb.framework",
			);
			runOnlyForDeploymentPostprocessing = 0;
			shellPath = /bin/sh;
			shellScript = "\"${SRCROOT}/Pods/Target Support Files/Pods-Instagram/Pods-Instagram-frameworks.sh\"\n";
			showEnvVarsInLog = 0;
		};
/* End PBXShellScriptBuildPhase section */

/* Begin PBXSourcesBuildPhase section */
		555EA64C222824A60017C016 /* Sources */ = {
			isa = PBXSourcesBuildPhase;
			buildActionMask = 2147483647;
			files = (
				555EA66E222830BF0017C016 /* PostViewController.swift in Sources */,
				5550218F222BA5CE000C73B6 /* PostData.swift in Sources */,
				555EA6682228308D0017C016 /* LoginViewController.swift in Sources */,
				555EA656222824A60017C016 /* ViewController.swift in Sources */,
				555EA66C222830B00017C016 /* ImageViewController.swift in Sources */,
				555EA654222824A60017C016 /* AppDelegate.swift in Sources */,
				5550218D222B9EA9000C73B6 /* Const.swift in Sources */,
				55502192222BA9DC000C73B6 /* PostTableViewCell.swift in Sources */,
				555EA670222830D50017C016 /* SettingViewController.swift in Sources */,
				555EA66A222830A10017C016 /* HomeViewController.swift in Sources */,
				5555F6E4222EAE71006A5738 /* CommentViewController.swift in Sources */,
			);
			runOnlyForDeploymentPostprocessing = 0;
		};
/* End PBXSourcesBuildPhase section */

/* Begin PBXVariantGroup section */
		555EA657222824A60017C016 /* Main.storyboard */ = {
			isa = PBXVariantGroup;
			children = (
				555EA658222824A60017C016 /* Base */,
			);
			name = Main.storyboard;
			sourceTree = "<group>";
		};
		555EA65C222824A90017C016 /* LaunchScreen.storyboard */ = {
			isa = PBXVariantGroup;
			children = (
				555EA65D222824A90017C016 /* Base */,
			);
			name = LaunchScreen.storyboard;
			sourceTree = "<group>";
		};
/* End PBXVariantGroup section */

/* Begin XCBuildConfiguration section */
		555EA660222824A90017C016 /* Debug */ = {
			isa = XCBuildConfiguration;
			buildSettings = {
				ALWAYS_SEARCH_USER_PATHS = NO;
				CLANG_ANALYZER_NONNULL = YES;
				CLANG_ANALYZER_NUMBER_OBJECT_CONVERSION = YES_AGGRESSIVE;
				CLANG_CXX_LANGUAGE_STANDARD = "gnu++14";
				CLANG_CXX_LIBRARY = "libc++";
				CLANG_ENABLE_MODULES = YES;
				CLANG_ENABLE_OBJC_ARC = YES;
				CLANG_ENABLE_OBJC_WEAK = YES;
				CLANG_WARN_BLOCK_CAPTURE_AUTORELEASING = YES;
				CLANG_WARN_BOOL_CONVERSION = YES;
				CLANG_WARN_COMMA = YES;
				CLANG_WARN_CONSTANT_CONVERSION = YES;
				CLANG_WARN_DEPRECATED_OBJC_IMPLEMENTATIONS = YES;
				CLANG_WARN_DIRECT_OBJC_ISA_USAGE = YES_ERROR;
				CLANG_WARN_DOCUMENTATION_COMMENTS = YES;
				CLANG_WARN_EMPTY_BODY = YES;
				CLANG_WARN_ENUM_CONVERSION = YES;
				CLANG_WARN_INFINITE_RECURSION = YES;
				CLANG_WARN_INT_CONVERSION = YES;
				CLANG_WARN_NON_LITERAL_NULL_CONVERSION = YES;
				CLANG_WARN_OBJC_IMPLICIT_RETAIN_SELF = YES;
				CLANG_WARN_OBJC_LITERAL_CONVERSION = YES;
				CLANG_WARN_OBJC_ROOT_CLASS = YES_ERROR;
				CLANG_WARN_RANGE_LOOP_ANALYSIS = YES;
				CLANG_WARN_STRICT_PROTOTYPES = YES;
				CLANG_WARN_SUSPICIOUS_MOVE = YES;
				CLANG_WARN_UNGUARDED_AVAILABILITY = YES_AGGRESSIVE;
				CLANG_WARN_UNREACHABLE_CODE = YES;
				CLANG_WARN__DUPLICATE_METHOD_MATCH = YES;
				CODE_SIGN_IDENTITY = "iPhone Developer";
				COPY_PHASE_STRIP = NO;
				DEBUG_INFORMATION_FORMAT = dwarf;
				ENABLE_STRICT_OBJC_MSGSEND = YES;
				ENABLE_TESTABILITY = YES;
				GCC_C_LANGUAGE_STANDARD = gnu11;
				GCC_DYNAMIC_NO_PIC = NO;
				GCC_NO_COMMON_BLOCKS = YES;
				GCC_OPTIMIZATION_LEVEL = 0;
				GCC_PREPROCESSOR_DEFINITIONS = (
					"DEBUG=1",
					"$(inherited)",
				);
				GCC_WARN_64_TO_32_BIT_CONVERSION = YES;
				GCC_WARN_ABOUT_RETURN_TYPE = YES_ERROR;
				GCC_WARN_UNDECLARED_SELECTOR = YES;
				GCC_WARN_UNINITIALIZED_AUTOS = YES_AGGRESSIVE;
				GCC_WARN_UNUSED_FUNCTION = YES;
				GCC_WARN_UNUSED_VARIABLE = YES;
				IPHONEOS_DEPLOYMENT_TARGET = 12.1;
				MTL_ENABLE_DEBUG_INFO = INCLUDE_SOURCE;
				MTL_FAST_MATH = YES;
				ONLY_ACTIVE_ARCH = YES;
				SDKROOT = iphoneos;
				SWIFT_ACTIVE_COMPILATION_CONDITIONS = DEBUG;
				SWIFT_OPTIMIZATION_LEVEL = "-Onone";
			};
			name = Debug;
		};
		555EA661222824A90017C016 /* Release */ = {
			isa = XCBuildConfiguration;
			buildSettings = {
				ALWAYS_SEARCH_USER_PATHS = NO;
				CLANG_ANALYZER_NONNULL = YES;
				CLANG_ANALYZER_NUMBER_OBJECT_CONVERSION = YES_AGGRESSIVE;
				CLANG_CXX_LANGUAGE_STANDARD = "gnu++14";
				CLANG_CXX_LIBRARY = "libc++";
				CLANG_ENABLE_MODULES = YES;
				CLANG_ENABLE_OBJC_ARC = YES;
				CLANG_ENABLE_OBJC_WEAK = YES;
				CLANG_WARN_BLOCK_CAPTURE_AUTORELEASING = YES;
				CLANG_WARN_BOOL_CONVERSION = YES;
				CLANG_WARN_COMMA = YES;
				CLANG_WARN_CONSTANT_CONVERSION = YES;
				CLANG_WARN_DEPRECATED_OBJC_IMPLEMENTATIONS = YES;
				CLANG_WARN_DIRECT_OBJC_ISA_USAGE = YES_ERROR;
				CLANG_WARN_DOCUMENTATION_COMMENTS = YES;
				CLANG_WARN_EMPTY_BODY = YES;
				CLANG_WARN_ENUM_CONVERSION = YES;
				CLANG_WARN_INFINITE_RECURSION = YES;
				CLANG_WARN_INT_CONVERSION = YES;
				CLANG_WARN_NON_LITERAL_NULL_CONVERSION = YES;
				CLANG_WARN_OBJC_IMPLICIT_RETAIN_SELF = YES;
				CLANG_WARN_OBJC_LITERAL_CONVERSION = YES;
				CLANG_WARN_OBJC_ROOT_CLASS = YES_ERROR;
				CLANG_WARN_RANGE_LOOP_ANALYSIS = YES;
				CLANG_WARN_STRICT_PROTOTYPES = YES;
				CLANG_WARN_SUSPICIOUS_MOVE = YES;
				CLANG_WARN_UNGUARDED_AVAILABILITY = YES_AGGRESSIVE;
				CLANG_WARN_UNREACHABLE_CODE = YES;
				CLANG_WARN__DUPLICATE_METHOD_MATCH = YES;
				CODE_SIGN_IDENTITY = "iPhone Developer";
				COPY_PHASE_STRIP = NO;
				DEBUG_INFORMATION_FORMAT = "dwarf-with-dsym";
				ENABLE_NS_ASSERTIONS = NO;
				ENABLE_STRICT_OBJC_MSGSEND = YES;
				GCC_C_LANGUAGE_STANDARD = gnu11;
				GCC_NO_COMMON_BLOCKS = YES;
				GCC_WARN_64_TO_32_BIT_CONVERSION = YES;
				GCC_WARN_ABOUT_RETURN_TYPE = YES_ERROR;
				GCC_WARN_UNDECLARED_SELECTOR = YES;
				GCC_WARN_UNINITIALIZED_AUTOS = YES_AGGRESSIVE;
				GCC_WARN_UNUSED_FUNCTION = YES;
				GCC_WARN_UNUSED_VARIABLE = YES;
				IPHONEOS_DEPLOYMENT_TARGET = 12.1;
				MTL_ENABLE_DEBUG_INFO = NO;
				MTL_FAST_MATH = YES;
				SDKROOT = iphoneos;
				SWIFT_COMPILATION_MODE = wholemodule;
				SWIFT_OPTIMIZATION_LEVEL = "-O";
				VALIDATE_PRODUCT = YES;
			};
			name = Release;
		};
		555EA663222824A90017C016 /* Debug */ = {
			isa = XCBuildConfiguration;
			baseConfigurationReference = 01D0DEBCD2639F0D14672C45 /* Pods-Instagram.debug.xcconfig */;
			buildSettings = {
				ASSETCATALOG_COMPILER_APPICON_NAME = AppIcon;
				CODE_SIGN_STYLE = Automatic;
				DEVELOPMENT_TEAM = MT7GJ3Q6XA;
				INFOPLIST_FILE = Instagram/Info.plist;
				LD_RUNPATH_SEARCH_PATHS = (
					"$(inherited)",
					"@executable_path/Frameworks",
				);
				PRODUCT_BUNDLE_IDENTIFIER = jp.techacademy.com.Tsuyoshi.Furuhata.Instagram;
				PRODUCT_NAME = "$(TARGET_NAME)";
				SWIFT_VERSION = 4.2;
				TARGETED_DEVICE_FAMILY = 1;
			};
			name = Debug;
		};
		555EA664222824A90017C016 /* Release */ = {
			isa = XCBuildConfiguration;
			baseConfigurationReference = 9AA477C5AA5DE25BE27627BF /* Pods-Instagram.release.xcconfig */;
			buildSettings = {
				ASSETCATALOG_COMPILER_APPICON_NAME = AppIcon;
				CODE_SIGN_STYLE = Automatic;
				DEVELOPMENT_TEAM = MT7GJ3Q6XA;
				INFOPLIST_FILE = Instagram/Info.plist;
				LD_RUNPATH_SEARCH_PATHS = (
					"$(inherited)",
					"@executable_path/Frameworks",
				);
				PRODUCT_BUNDLE_IDENTIFIER = jp.techacademy.com.Tsuyoshi.Furuhata.Instagram;
				PRODUCT_NAME = "$(TARGET_NAME)";
				SWIFT_VERSION = 4.2;
				TARGETED_DEVICE_FAMILY = 1;
			};
			name = Release;
		};
/* End XCBuildConfiguration section */

/* Begin XCConfigurationList section */
		555EA64B222824A60017C016 /* Build configuration list for PBXProject "Instagram" */ = {
			isa = XCConfigurationList;
			buildConfigurations = (
				555EA660222824A90017C016 /* Debug */,
				555EA661222824A90017C016 /* Release */,
			);
			defaultConfigurationIsVisible = 0;
			defaultConfigurationName = Release;
		};
		555EA662222824A90017C016 /* Build configuration list for PBXNativeTarget "Instagram" */ = {
			isa = XCConfigurationList;
			buildConfigurations = (
				555EA663222824A90017C016 /* Debug */,
				555EA664222824A90017C016 /* Release */,
			);
			defaultConfigurationIsVisible = 0;
			defaultConfigurationName = Release;
		};
/* End XCConfigurationList section */
	};
	rootObject = 555EA648222824A60017C016 /* Project object */;
}
